
Microsoft Visual Studio Solution File, Format Version 12.00
# Visual Studio 2012
Project("{FAE04EC0-301F-11D3-BF4B-00C04F79EFBC}") = "CORE", "CORE\CORE.csproj", "{6766E275-BBF3-4A1E-A51D-2B7300421333}"
EndProject
Project("{FAE04EC0-301F-11D3-BF4B-00C04F79EFBC}") = "DataAccess", "DataAccess\DataAccess.csproj", "{8FE058FB-6E9B-43CA-9D47-668CB4B971AE}"
EndProject
Project("{FAE04EC0-301F-11D3-BF4B-00C04F79EFBC}") = "Library", "Library\Library.csproj", "{0C350AD9-AA46-4C93-9CA9-72C78ED16F94}"
EndProject
Project("{FAE04EC0-301F-11D3-BF4B-00C04F79EFBC}") = "RoomManager", "RoomManager\RoomManager.csproj", "{307B4409-E86E-4DEA-BFB1-A6D815726BC9}"
EndProject
Project("{FAE04EC0-301F-11D3-BF4B-00C04F79EFBC}") = "HumanResource", "HumanResource\HumanResource.csproj", "{6D8FC27A-9121-4092-B0DA-A7AAC37D715C}"
EndProject
Project("{FAE04EC0-301F-11D3-BF4B-00C04F79EFBC}") = "SaleManagement", "SaleManagement\SaleManagement\SaleManagement.csproj", "{38D9A9BE-3F90-4A99-8E32-E7EC677BAEF8}"
EndProject
Project("{FAE04EC0-301F-11D3-BF4B-00C04F79EFBC}") = "BussinessLogic", "BussinessLogic\BussinessLogic.csproj", "{5A9D7597-3412-4D7E-970B-DA6C70D084E6}"
EndProject
Project("{FAE04EC0-301F-11D3-BF4B-00C04F79EFBC}") = "Entity", "Entity\Entity.csproj", "{4FAB3D0A-0241-4FA2-BCC4-852B6E609722}"
EndProject
Global
	GlobalSection(SolutionConfigurationPlatforms) = preSolution
		CD_ROM|Any CPU = CD_ROM|Any CPU
		Debug|Any CPU = Debug|Any CPU
		DVD-5|Any CPU = DVD-5|Any CPU
		Release|Any CPU = Release|Any CPU
		SingleImage|Any CPU = SingleImage|Any CPU
	EndGlobalSection
	GlobalSection(ProjectConfigurationPlatforms) = postSolution
		{6766E275-BBF3-4A1E-A51D-2B7300421333}.CD_ROM|Any CPU.ActiveCfg = Release|Any CPU
		{6766E275-BBF3-4A1E-A51D-2B7300421333}.CD_ROM|Any CPU.Build.0 = Release|Any CPU
		{6766E275-BBF3-4A1E-A51D-2B7300421333}.Debug|Any CPU.ActiveCfg = Debug|Any CPU
		{6766E275-BBF3-4A1E-A51D-2B7300421333}.Debug|Any CPU.Build.0 = Debug|Any CPU
		{6766E275-BBF3-4A1E-A51D-2B7300421333}.DVD-5|Any CPU.ActiveCfg = Debug|Any CPU
		{6766E275-BBF3-4A1E-A51D-2B7300421333}.DVD-5|Any CPU.Build.0 = Debug|Any CPU
		{6766E275-BBF3-4A1E-A51D-2B7300421333}.Release|Any CPU.ActiveCfg = Release|Any CPU
		{6766E275-BBF3-4A1E-A51D-2B7300421333}.Release|Any CPU.Build.0 = Release|Any CPU
		{6766E275-BBF3-4A1E-A51D-2B7300421333}.SingleImage|Any CPU.ActiveCfg = Release|Any CPU
		{6766E275-BBF3-4A1E-A51D-2B7300421333}.SingleImage|Any CPU.Build.0 = Release|Any CPU
		{8FE058FB-6E9B-43CA-9D47-668CB4B971AE}.CD_ROM|Any CPU.ActiveCfg = Release|Any CPU
		{8FE058FB-6E9B-43CA-9D47-668CB4B971AE}.CD_ROM|Any CPU.Build.0 = Release|Any CPU
		{8FE058FB-6E9B-43CA-9D47-668CB4B971AE}.Debug|Any CPU.ActiveCfg = Debug|Any CPU
		{8FE058FB-6E9B-43CA-9D47-668CB4B971AE}.Debug|Any CPU.Build.0 = Debug|Any CPU
		{8FE058FB-6E9B-43CA-9D47-668CB4B971AE}.DVD-5|Any CPU.ActiveCfg = Debug|Any CPU
		{8FE058FB-6E9B-43CA-9D47-668CB4B971AE}.DVD-5|Any CPU.Build.0 = Debug|Any CPU
		{8FE058FB-6E9B-43CA-9D47-668CB4B971AE}.Release|Any CPU.ActiveCfg = Release|Any CPU
		{8FE058FB-6E9B-43CA-9D47-668CB4B971AE}.Release|Any CPU.Build.0 = Release|Any CPU
		{8FE058FB-6E9B-43CA-9D47-668CB4B971AE}.SingleImage|Any CPU.ActiveCfg = Release|Any CPU
		{8FE058FB-6E9B-43CA-9D47-668CB4B971AE}.SingleImage|Any CPU.Build.0 = Release|Any CPU
		{0C350AD9-AA46-4C93-9CA9-72C78ED16F94}.CD_ROM|Any CPU.ActiveCfg = Release|Any CPU
		{0C350AD9-AA46-4C93-9CA9-72C78ED16F94}.CD_ROM|Any CPU.Build.0 = Release|Any CPU
		{0C350AD9-AA46-4C93-9CA9-72C78ED16F94}.Debug|Any CPU.ActiveCfg = Debug|Any CPU
		{0C350AD9-AA46-4C93-9CA9-72C78ED16F94}.Debug|Any CPU.Build.0 = Debug|Any CPU
		{0C350AD9-AA46-4C93-9CA9-72C78ED16F94}.DVD-5|Any CPU.ActiveCfg = Debug|Any CPU
		{0C350AD9-AA46-4C93-9CA9-72C78ED16F94}.DVD-5|Any CPU.Build.0 = Debug|Any CPU
		{0C350AD9-AA46-4C93-9CA9-72C78ED16F94}.Release|Any CPU.ActiveCfg = Release|Any CPU
		{0C350AD9-AA46-4C93-9CA9-72C78ED16F94}.Release|Any CPU.Build.0 = Release|Any CPU
		{0C350AD9-AA46-4C93-9CA9-72C78ED16F94}.SingleImage|Any CPU.ActiveCfg = Release|Any CPU
		{0C350AD9-AA46-4C93-9CA9-72C78ED16F94}.SingleImage|Any CPU.Build.0 = Release|Any CPU
		{307B4409-E86E-4DEA-BFB1-A6D815726BC9}.CD_ROM|Any CPU.ActiveCfg = Release|Any CPU
		{307B4409-E86E-4DEA-BFB1-A6D815726BC9}.CD_ROM|Any CPU.Build.0 = Release|Any CPU
		{307B4409-E86E-4DEA-BFB1-A6D815726BC9}.Debug|Any CPU.ActiveCfg = Debug|Any CPU
		{307B4409-E86E-4DEA-BFB1-A6D815726BC9}.Debug|Any CPU.Build.0 = Debug|Any CPU
		{307B4409-E86E-4DEA-BFB1-A6D815726BC9}.DVD-5|Any CPU.ActiveCfg = Debug|Any CPU
		{307B4409-E86E-4DEA-BFB1-A6D815726BC9}.DVD-5|Any CPU.Build.0 = Debug|Any CPU
		{307B4409-E86E-4DEA-BFB1-A6D815726BC9}.Release|Any CPU.ActiveCfg = Release|Any CPU
		{307B4409-E86E-4DEA-BFB1-A6D815726BC9}.Release|Any CPU.Build.0 = Release|Any CPU
		{307B4409-E86E-4DEA-BFB1-A6D815726BC9}.SingleImage|Any CPU.ActiveCfg = Release|Any CPU
		{307B4409-E86E-4DEA-BFB1-A6D815726BC9}.SingleImage|Any CPU.Build.0 = Release|Any CPU
		{6D8FC27A-9121-4092-B0DA-A7AAC37D715C}.CD_ROM|Any CPU.ActiveCfg = Release|Any CPU
		{6D8FC27A-9121-4092-B0DA-A7AAC37D715C}.Debug|Any CPU.ActiveCfg = Debug|Any CPU
		{6D8FC27A-9121-4092-B0DA-A7AAC37D715C}.Debug|Any CPU.Build.0 = Debug|Any CPU
		{6D8FC27A-9121-4092-B0DA-A7AAC37D715C}.DVD-5|Any CPU.ActiveCfg = Debug|Any CPU
		{6D8FC27A-9121-4092-B0DA-A7AAC37D715C}.Release|Any CPU.ActiveCfg = Release|Any CPU
		{6D8FC27A-9121-4092-B0DA-A7AAC37D715C}.Release|Any CPU.Build.0 = Release|Any CPU
		{6D8FC27A-9121-4092-B0DA-A7AAC37D715C}.SingleImage|Any CPU.ActiveCfg = Release|Any CPU
		{38D9A9BE-3F90-4A99-8E32-E7EC677BAEF8}.CD_ROM|Any CPU.ActiveCfg = Release|Any CPU
		{38D9A9BE-3F90-4A99-8E32-E7EC677BAEF8}.CD_ROM|Any CPU.Build.0 = Release|Any CPU
		{38D9A9BE-3F90-4A99-8E32-E7EC677BAEF8}.Debug|Any CPU.ActiveCfg = Debug|Any CPU
		{38D9A9BE-3F90-4A99-8E32-E7EC677BAEF8}.Debug|Any CPU.Build.0 = Debug|Any CPU
		{38D9A9BE-3F90-4A99-8E32-E7EC677BAEF8}.DVD-5|Any CPU.ActiveCfg = Debug|Any CPU
		{38D9A9BE-3F90-4A99-8E32-E7EC677BAEF8}.DVD-5|Any CPU.Build.0 = Debug|Any CPU
		{38D9A9BE-3F90-4A99-8E32-E7EC677BAEF8}.Release|Any CPU.ActiveCfg = Release|Any CPU
		{38D9A9BE-3F90-4A99-8E32-E7EC677BAEF8}.Release|Any CPU.Build.0 = Release|Any CPU
		{38D9A9BE-3F90-4A99-8E32-E7EC677BAEF8}.SingleImage|Any CPU.ActiveCfg = Release|Any CPU
		{38D9A9BE-3F90-4A99-8E32-E7EC677BAEF8}.SingleImage|Any CPU.Build.0 = Release|Any CPU
		{5A9D7597-3412-4D7E-970B-DA6C70D084E6}.CD_ROM|Any CPU.ActiveCfg = Release|Any CPU
		{5A9D7597-3412-4D7E-970B-DA6C70D084E6}.CD_ROM|Any CPU.Build.0 = Release|Any CPU
		{5A9D7597-3412-4D7E-970B-DA6C70D084E6}.Debug|Any CPU.ActiveCfg = Debug|Any CPU
		{5A9D7597-3412-4D7E-970B-DA6C70D084E6}.Debug|Any CPU.Build.0 = Debug|Any CPU
		{5A9D7597-3412-4D7E-970B-DA6C70D084E6}.DVD-5|Any CPU.ActiveCfg = Debug|Any CPU
		{5A9D7597-3412-4D7E-970B-DA6C70D084E6}.DVD-5|Any CPU.Build.0 = Debug|Any CPU
		{5A9D7597-3412-4D7E-970B-DA6C70D084E6}.Release|Any CPU.ActiveCfg = Release|Any CPU
		{5A9D7597-3412-4D7E-970B-DA6C70D084E6}.Release|Any CPU.Build.0 = Release|Any CPU
		{5A9D7597-3412-4D7E-970B-DA6C70D084E6}.SingleImage|Any CPU.ActiveCfg = Release|Any CPU
		{5A9D7597-3412-4D7E-970B-DA6C70D084E6}.SingleImage|Any CPU.Build.0 = Release|Any CPU
		{4FAB3D0A-0241-4FA2-BCC4-852B6E609722}.CD_ROM|Any CPU.ActiveCfg = Release|Any CPU
		{4FAB3D0A-0241-4FA2-BCC4-852B6E609722}.CD_ROM|Any CPU.Build.0 = Release|Any CPU
		{4FAB3D0A-0241-4FA2-BCC4-852B6E609722}.Debug|Any CPU.ActiveCfg = Debug|Any CPU
		{4FAB3D0A-0241-4FA2-BCC4-852B6E609722}.Debug|Any CPU.Build.0 = Debug|Any CPU
		{4FAB3D0A-0241-4FA2-BCC4-852B6E609722}.DVD-5|Any CPU.ActiveCfg = Debug|Any CPU
		{4FAB3D0A-0241-4FA2-BCC4-852B6E609722}.DVD-5|Any CPU.Build.0 = Debug|Any CPU
		{4FAB3D0A-0241-4FA2-BCC4-852B6E609722}.Release|Any CPU.ActiveCfg = Release|Any CPU
		{4FAB3D0A-0241-4FA2-BCC4-852B6E609722}.Release|Any CPU.Build.0 = Release|Any CPU
		{4FAB3D0A-0241-4FA2-BCC4-852B6E609722}.SingleImage|Any CPU.ActiveCfg = Release|Any CPU
		{4FAB3D0A-0241-4FA2-BCC4-852B6E609722}.SingleImage|Any CPU.Build.0 = Release|Any CPU
	EndGlobalSection
	GlobalSection(SolutionProperties) = preSolution
		HideSolutionNode = FALSE
	EndGlobalSection
EndGlobal
